
Microsoft Visual Studio Solution File, Format Version 12.00
# Visual Studio Version 16
VisualStudioVersion = 16.0.30523.141
MinimumVisualStudioVersion = 10.0.40219.1
Project("{FAE04EC0-301F-11D3-BF4B-00C04F79EFBC}") = "Methodenübung", "Methodenübung\Methodenübung.csproj", "{DF92271F-087E-4902-A971-FD88E5F3AEE7}"
EndProject
Global
	GlobalSection(SolutionConfigurationPlatforms) = preSolution
		Debug|Any CPU = Debug|Any CPU
		Release|Any CPU = Release|Any CPU
	EndGlobalSection
	GlobalSection(ProjectConfigurationPlatforms) = postSolution
		{DF92271F-087E-4902-A971-FD88E5F3AEE7}.Debug|Any CPU.ActiveCfg = Debug|Any CPU
		{DF92271F-087E-4902-A971-FD88E5F3AEE7}.Debug|Any CPU.Build.0 = Debug|Any CPU
		{DF92271F-087E-4902-A971-FD88E5F3AEE7}.Release|Any CPU.ActiveCfg = Release|Any CPU
		{DF92271F-087E-4902-A971-FD88E5F3AEE7}.Release|Any CPU.Build.0 = Release|Any CPU
	EndGlobalSection
	GlobalSection(SolutionProperties) = preSolution
		HideSolutionNode = FALSE
	EndGlobalSection
	GlobalSection(ExtensibilityGlobals) = postSolution
		SolutionGuid = {06BDB034-D771-4E30-91B8-67D40CD12642}
	EndGlobalSection
EndGlobal
