
Microsoft Visual Studio Solution File, Format Version 12.00
# Visual Studio Version 16
VisualStudioVersion = 16.0.30523.141
MinimumVisualStudioVersion = 10.0.40219.1
Project("{FAE04EC0-301F-11D3-BF4B-00C04F79EFBC}") = "SingletonÜbung", "SingletonÜbung.csproj", "{66131CB6-E035-435B-B9B5-0103B06A867C}"
EndProject
Global
	GlobalSection(SolutionConfigurationPlatforms) = preSolution
		Debug|Any CPU = Debug|Any CPU
		Release|Any CPU = Release|Any CPU
	EndGlobalSection
	GlobalSection(ProjectConfigurationPlatforms) = postSolution
		{66131CB6-E035-435B-B9B5-0103B06A867C}.Debug|Any CPU.ActiveCfg = Debug|Any CPU
		{66131CB6-E035-435B-B9B5-0103B06A867C}.Debug|Any CPU.Build.0 = Debug|Any CPU
		{66131CB6-E035-435B-B9B5-0103B06A867C}.Release|Any CPU.ActiveCfg = Release|Any CPU
		{66131CB6-E035-435B-B9B5-0103B06A867C}.Release|Any CPU.Build.0 = Release|Any CPU
	EndGlobalSection
	GlobalSection(SolutionProperties) = preSolution
		HideSolutionNode = FALSE
	EndGlobalSection
	GlobalSection(ExtensibilityGlobals) = postSolution
		SolutionGuid = {E3AF6BEC-12B1-40B0-8A49-7FE7088CACB7}
	EndGlobalSection
EndGlobal
