
Microsoft Visual Studio Solution File, Format Version 12.00
# Visual Studio Version 16
VisualStudioVersion = 16.0.30523.141
MinimumVisualStudioVersion = 10.0.40219.1
Project("{FAE04EC0-301F-11D3-BF4B-00C04F79EFBC}") = "Sanbox", "Sanbox.csproj", "{7005424F-02C8-448A-BDEC-12B30EF4EDE7}"
EndProject
Global
	GlobalSection(SolutionConfigurationPlatforms) = preSolution
		Debug|Any CPU = Debug|Any CPU
		Release|Any CPU = Release|Any CPU
	EndGlobalSection
	GlobalSection(ProjectConfigurationPlatforms) = postSolution
		{7005424F-02C8-448A-BDEC-12B30EF4EDE7}.Debug|Any CPU.ActiveCfg = Debug|Any CPU
		{7005424F-02C8-448A-BDEC-12B30EF4EDE7}.Debug|Any CPU.Build.0 = Debug|Any CPU
		{7005424F-02C8-448A-BDEC-12B30EF4EDE7}.Release|Any CPU.ActiveCfg = Release|Any CPU
		{7005424F-02C8-448A-BDEC-12B30EF4EDE7}.Release|Any CPU.Build.0 = Release|Any CPU
	EndGlobalSection
	GlobalSection(SolutionProperties) = preSolution
		HideSolutionNode = FALSE
	EndGlobalSection
	GlobalSection(ExtensibilityGlobals) = postSolution
		SolutionGuid = {567109F1-1BC4-4009-8A14-41D28B360F96}
	EndGlobalSection
EndGlobal
