
Microsoft Visual Studio Solution File, Format Version 12.00
# Visual Studio Version 16
VisualStudioVersion = 16.0.31019.35
MinimumVisualStudioVersion = 10.0.40219.1
Project("{9A19103F-16F7-4668-BE54-9A1E7A4F7556}") = "Barcode_Generator", "Barcode\Barcode_Generator.csproj", "{AAC850CC-B4D1-4737-8D20-F2B95170AEDF}"
EndProject
Project("{9A19103F-16F7-4668-BE54-9A1E7A4F7556}") = "Algorithmen", "..\Libraries\Algorithmen\Algorithmen.csproj", "{92A41119-AFA1-4C5A-B97A-7A237F06AE4A}"
EndProject
Global
	GlobalSection(SolutionConfigurationPlatforms) = preSolution
		Debug|Any CPU = Debug|Any CPU
		Release|Any CPU = Release|Any CPU
	EndGlobalSection
	GlobalSection(ProjectConfigurationPlatforms) = postSolution
		{AAC850CC-B4D1-4737-8D20-F2B95170AEDF}.Debug|Any CPU.ActiveCfg = Debug|Any CPU
		{AAC850CC-B4D1-4737-8D20-F2B95170AEDF}.Debug|Any CPU.Build.0 = Debug|Any CPU
		{AAC850CC-B4D1-4737-8D20-F2B95170AEDF}.Release|Any CPU.ActiveCfg = Release|Any CPU
		{AAC850CC-B4D1-4737-8D20-F2B95170AEDF}.Release|Any CPU.Build.0 = Release|Any CPU
		{92A41119-AFA1-4C5A-B97A-7A237F06AE4A}.Debug|Any CPU.ActiveCfg = Debug|Any CPU
		{92A41119-AFA1-4C5A-B97A-7A237F06AE4A}.Debug|Any CPU.Build.0 = Debug|Any CPU
		{92A41119-AFA1-4C5A-B97A-7A237F06AE4A}.Release|Any CPU.ActiveCfg = Release|Any CPU
		{92A41119-AFA1-4C5A-B97A-7A237F06AE4A}.Release|Any CPU.Build.0 = Release|Any CPU
	EndGlobalSection
	GlobalSection(SolutionProperties) = preSolution
		HideSolutionNode = FALSE
	EndGlobalSection
	GlobalSection(ExtensibilityGlobals) = postSolution
		SolutionGuid = {2022979A-9583-42BF-83DC-80BBBC04CFB5}
	EndGlobalSection
EndGlobal
