
Microsoft Visual Studio Solution File, Format Version 12.00
# Visual Studio Version 16
VisualStudioVersion = 16.0.30523.141
MinimumVisualStudioVersion = 10.0.40219.1
Project("{FAE04EC0-301F-11D3-BF4B-00C04F79EFBC}") = "MatrixMalVector", "MatrixMalVector\MatrixMalVector.csproj", "{2787F3D3-BAE6-400F-9F56-721F5DF6D627}"
EndProject
Global
	GlobalSection(SolutionConfigurationPlatforms) = preSolution
		Debug|Any CPU = Debug|Any CPU
		Release|Any CPU = Release|Any CPU
	EndGlobalSection
	GlobalSection(ProjectConfigurationPlatforms) = postSolution
		{2787F3D3-BAE6-400F-9F56-721F5DF6D627}.Debug|Any CPU.ActiveCfg = Debug|Any CPU
		{2787F3D3-BAE6-400F-9F56-721F5DF6D627}.Debug|Any CPU.Build.0 = Debug|Any CPU
		{2787F3D3-BAE6-400F-9F56-721F5DF6D627}.Release|Any CPU.ActiveCfg = Release|Any CPU
		{2787F3D3-BAE6-400F-9F56-721F5DF6D627}.Release|Any CPU.Build.0 = Release|Any CPU
	EndGlobalSection
	GlobalSection(SolutionProperties) = preSolution
		HideSolutionNode = FALSE
	EndGlobalSection
	GlobalSection(ExtensibilityGlobals) = postSolution
		SolutionGuid = {F4C0B6DB-122B-41C2-BE6C-D3DC2397F1E5}
	EndGlobalSection
EndGlobal
