
Microsoft Visual Studio Solution File, Format Version 12.00
# Visual Studio Version 16
VisualStudioVersion = 16.0.30523.141
MinimumVisualStudioVersion = 10.0.40219.1
Project("{FAE04EC0-301F-11D3-BF4B-00C04F79EFBC}") = "Worterkennung", "Worterkennung\Worterkennung.csproj", "{BACBF390-6AC1-4108-B095-4DB589843A33}"
EndProject
Global
	GlobalSection(SolutionConfigurationPlatforms) = preSolution
		Debug|Any CPU = Debug|Any CPU
		Release|Any CPU = Release|Any CPU
	EndGlobalSection
	GlobalSection(ProjectConfigurationPlatforms) = postSolution
		{BACBF390-6AC1-4108-B095-4DB589843A33}.Debug|Any CPU.ActiveCfg = Debug|Any CPU
		{BACBF390-6AC1-4108-B095-4DB589843A33}.Debug|Any CPU.Build.0 = Debug|Any CPU
		{BACBF390-6AC1-4108-B095-4DB589843A33}.Release|Any CPU.ActiveCfg = Release|Any CPU
		{BACBF390-6AC1-4108-B095-4DB589843A33}.Release|Any CPU.Build.0 = Release|Any CPU
	EndGlobalSection
	GlobalSection(SolutionProperties) = preSolution
		HideSolutionNode = FALSE
	EndGlobalSection
	GlobalSection(ExtensibilityGlobals) = postSolution
		SolutionGuid = {CB2441E8-907A-4EDF-822F-6D5432973DE9}
	EndGlobalSection
EndGlobal
