
Microsoft Visual Studio Solution File, Format Version 12.00
# Visual Studio Version 16
VisualStudioVersion = 16.0.31105.61
MinimumVisualStudioVersion = 10.0.40219.1
Project("{FAE04EC0-301F-11D3-BF4B-00C04F79EFBC}") = "BinaryTree", "BinaryTree\BinaryTree.csproj", "{3A32E33C-7745-498B-8241-C8236C0AC275}"
EndProject
Global
	GlobalSection(SolutionConfigurationPlatforms) = preSolution
		Debug|Any CPU = Debug|Any CPU
		Release|Any CPU = Release|Any CPU
	EndGlobalSection
	GlobalSection(ProjectConfigurationPlatforms) = postSolution
		{3A32E33C-7745-498B-8241-C8236C0AC275}.Debug|Any CPU.ActiveCfg = Debug|Any CPU
		{3A32E33C-7745-498B-8241-C8236C0AC275}.Debug|Any CPU.Build.0 = Debug|Any CPU
		{3A32E33C-7745-498B-8241-C8236C0AC275}.Release|Any CPU.ActiveCfg = Release|Any CPU
		{3A32E33C-7745-498B-8241-C8236C0AC275}.Release|Any CPU.Build.0 = Release|Any CPU
	EndGlobalSection
	GlobalSection(SolutionProperties) = preSolution
		HideSolutionNode = FALSE
	EndGlobalSection
	GlobalSection(ExtensibilityGlobals) = postSolution
		SolutionGuid = {78C9CA72-2580-44A4-95FA-9D69947D5019}
	EndGlobalSection
EndGlobal
