
Microsoft Visual Studio Solution File, Format Version 12.00
# Visual Studio Version 16
VisualStudioVersion = 16.0.30523.141
MinimumVisualStudioVersion = 10.0.40219.1
Project("{FAE04EC0-301F-11D3-BF4B-00C04F79EFBC}") = "LoginAPI", "LoginAPI.csproj", "{186CBEDA-2991-409E-AF01-4B3683E0BA94}"
EndProject
Global
	GlobalSection(SolutionConfigurationPlatforms) = preSolution
		Debug|Any CPU = Debug|Any CPU
		Release|Any CPU = Release|Any CPU
	EndGlobalSection
	GlobalSection(ProjectConfigurationPlatforms) = postSolution
		{186CBEDA-2991-409E-AF01-4B3683E0BA94}.Debug|Any CPU.ActiveCfg = Debug|Any CPU
		{186CBEDA-2991-409E-AF01-4B3683E0BA94}.Debug|Any CPU.Build.0 = Debug|Any CPU
		{186CBEDA-2991-409E-AF01-4B3683E0BA94}.Release|Any CPU.ActiveCfg = Release|Any CPU
		{186CBEDA-2991-409E-AF01-4B3683E0BA94}.Release|Any CPU.Build.0 = Release|Any CPU
	EndGlobalSection
	GlobalSection(SolutionProperties) = preSolution
		HideSolutionNode = FALSE
	EndGlobalSection
	GlobalSection(ExtensibilityGlobals) = postSolution
		SolutionGuid = {DC4B54B7-752D-49AD-ABFE-385543B7CFC7}
	EndGlobalSection
EndGlobal
