
Microsoft Visual Studio Solution File, Format Version 12.00
# Visual Studio Version 16
VisualStudioVersion = 16.0.30523.141
MinimumVisualStudioVersion = 10.0.40219.1
Project("{FAE04EC0-301F-11D3-BF4B-00C04F79EFBC}") = "Mainprogram", "Mainprogram.csproj", "{4009AC11-FE1F-4E6C-BF50-A616DA18F7F9}"
EndProject
Project("{9A19103F-16F7-4668-BE54-9A1E7A4F7556}") = "Algorithmen", "..\Algorithmen\Algorithmen.csproj", "{9211322A-F706-41E1-AB1A-FA8042F40EC4}"
EndProject
Global
	GlobalSection(SolutionConfigurationPlatforms) = preSolution
		Debug|Any CPU = Debug|Any CPU
		Release|Any CPU = Release|Any CPU
	EndGlobalSection
	GlobalSection(ProjectConfigurationPlatforms) = postSolution
		{4009AC11-FE1F-4E6C-BF50-A616DA18F7F9}.Debug|Any CPU.ActiveCfg = Debug|Any CPU
		{4009AC11-FE1F-4E6C-BF50-A616DA18F7F9}.Debug|Any CPU.Build.0 = Debug|Any CPU
		{4009AC11-FE1F-4E6C-BF50-A616DA18F7F9}.Release|Any CPU.ActiveCfg = Release|Any CPU
		{4009AC11-FE1F-4E6C-BF50-A616DA18F7F9}.Release|Any CPU.Build.0 = Release|Any CPU
		{9211322A-F706-41E1-AB1A-FA8042F40EC4}.Debug|Any CPU.ActiveCfg = Debug|Any CPU
		{9211322A-F706-41E1-AB1A-FA8042F40EC4}.Debug|Any CPU.Build.0 = Debug|Any CPU
		{9211322A-F706-41E1-AB1A-FA8042F40EC4}.Release|Any CPU.ActiveCfg = Release|Any CPU
		{9211322A-F706-41E1-AB1A-FA8042F40EC4}.Release|Any CPU.Build.0 = Release|Any CPU
	EndGlobalSection
	GlobalSection(SolutionProperties) = preSolution
		HideSolutionNode = FALSE
	EndGlobalSection
	GlobalSection(ExtensibilityGlobals) = postSolution
		SolutionGuid = {AD6AED1A-839F-4397-BC50-CAED8B01E75C}
	EndGlobalSection
EndGlobal
